lockfileVersion: '6.0'

settings:
  autoInstallPeers: true
  excludeLinksFromLockfile: false

devDependencies:
  '@tsconfig/node18':
    specifier: ^18.2.4
    version: 18.2.4
  '@types/vscode':
    specifier: 1.88.0
    version: 1.88.0
  typescript:
    specifier: ^5.4.5
    version: 5.4.5

packages:

  /@tsconfig/node18@18.2.4:
    resolution: {integrity: sha512-5xxU8vVs9/FNcvm3gE07fPbn9tl6tqGGWA9tSlwsUEkBxtRnTsNmwrV8gasZ9F/EobaSv9+nu8AxUKccw77JpQ==}
    dev: true

  /@types/vscode@1.88.0:
    resolution: {integrity: sha512-rWY+Bs6j/f1lvr8jqZTyp5arRMfovdxolcqGi+//+cPDOh8SBvzXH90e7BiSXct5HJ9HGW6jATchbRTpTJpEkw==}
    dev: true

  /typescript@5.4.5:
    resolution: {integrity: sha512-vcI4UpRgg81oIRUFwR0WSIHKt11nJ7SAVlYNIu+QpqeyXP+gpQJy/Z4+F0aGxSE4MqwjyXvW/TzgkLAx2AGHwQ==}
    engines: {node: '>=14.17'}
    hasBin: true
    dev: true
